
Microsoft Visual Studio Solution File, Format Version 12.00
# Visual Studio Version 16
VisualStudioVersion = 16.0.30011.22
MinimumVisualStudioVersion = 10.0.40219.1
Project("{FAE04EC0-301F-11D3-BF4B-00C04F79EFBC}") = "AramisLauncher", "AramisLauncher.csproj", "{6404FE09-6AD2-40BF-9330-43C3693E8A8D}"
EndProject
Global
	GlobalSection(SolutionConfigurationPlatforms) = preSolution
		Debug|Any CPU = Debug|Any CPU
		Debug|x64 = Debug|x64
		Release|Any CPU = Release|Any CPU
		Release|x64 = Release|x64
	EndGlobalSection
	GlobalSection(ProjectConfigurationPlatforms) = postSolution
		{6404FE09-6AD2-40BF-9330-43C3693E8A8D}.Debug|Any CPU.ActiveCfg = Debug|Any CPU
		{6404FE09-6AD2-40BF-9330-43C3693E8A8D}.Debug|Any CPU.Build.0 = Debug|Any CPU
		{6404FE09-6AD2-40BF-9330-43C3693E8A8D}.Debug|x64.ActiveCfg = Debug|x64
		{6404FE09-6AD2-40BF-9330-43C3693E8A8D}.Debug|x64.Build.0 = Debug|x64
		{6404FE09-6AD2-40BF-9330-43C3693E8A8D}.Release|Any CPU.ActiveCfg = Release|Any CPU
		{6404FE09-6AD2-40BF-9330-43C3693E8A8D}.Release|Any CPU.Build.0 = Release|Any CPU
		{6404FE09-6AD2-40BF-9330-43C3693E8A8D}.Release|x64.ActiveCfg = Release|x64
		{6404FE09-6AD2-40BF-9330-43C3693E8A8D}.Release|x64.Build.0 = Release|x64
	EndGlobalSection
	GlobalSection(SolutionProperties) = preSolution
		HideSolutionNode = FALSE
	EndGlobalSection
	GlobalSection(ExtensibilityGlobals) = postSolution
		SolutionGuid = {BB8E1B46-6DDE-4E6C-9977-3D9A24CB2FB3}
	EndGlobalSection
EndGlobal
