
Microsoft Visual Studio Solution File, Format Version 12.00
# Visual Studio Version 16
VisualStudioVersion = 16.0.29911.84
MinimumVisualStudioVersion = 10.0.40219.1
Project("{FAE04EC0-301F-11D3-BF4B-00C04F79EFBC}") = "AramisLauncher", "AramisLauncher.csproj", "{7D51CACA-F6EA-4697-BE1A-A6842E80A97B}"
EndProject
Global
	GlobalSection(SolutionConfigurationPlatforms) = preSolution
		Debug|Any CPU = Debug|Any CPU
		Release|Any CPU = Release|Any CPU
	EndGlobalSection
	GlobalSection(ProjectConfigurationPlatforms) = postSolution
		{7D51CACA-F6EA-4697-BE1A-A6842E80A97B}.Debug|Any CPU.ActiveCfg = Debug|Any CPU
		{7D51CACA-F6EA-4697-BE1A-A6842E80A97B}.Debug|Any CPU.Build.0 = Debug|Any CPU
		{7D51CACA-F6EA-4697-BE1A-A6842E80A97B}.Release|Any CPU.ActiveCfg = Release|Any CPU
		{7D51CACA-F6EA-4697-BE1A-A6842E80A97B}.Release|Any CPU.Build.0 = Release|Any CPU
	EndGlobalSection
	GlobalSection(SolutionProperties) = preSolution
		HideSolutionNode = FALSE
	EndGlobalSection
	GlobalSection(ExtensibilityGlobals) = postSolution
		SolutionGuid = {E96F6156-9FA2-4AEF-9FD2-D94C09999977}
	EndGlobalSection
EndGlobal
